
Microsoft Visual Studio Solution File, Format Version 12.00
# Visual Studio 15
VisualStudioVersion = 15.0.28307.438
MinimumVisualStudioVersion = 10.0.40219.1
Project("{FAE04EC0-301F-11D3-BF4B-00C04F79EFBC}") = "GhostManager_HaleyPhillips", "GhostManager_HaleyPhillips\GhostManager_HaleyPhillips.csproj", "{586957E8-6CB7-42B5-A359-F3FACA795E0C}"
EndProject
Project("{FAE04EC0-301F-11D3-BF4B-00C04F79EFBC}") = "MonoGameLibrary", "MonoGameLibrary\MonoGameLibrary.csproj", "{AAD7C5C6-AA67-45C6-8B7C-22906FA79E9E}"
EndProject
Global
	GlobalSection(SolutionConfigurationPlatforms) = preSolution
		Debug|x86 = Debug|x86
		Release|x86 = Release|x86
	EndGlobalSection
	GlobalSection(ProjectConfigurationPlatforms) = postSolution
		{586957E8-6CB7-42B5-A359-F3FACA795E0C}.Debug|x86.ActiveCfg = Debug|x86
		{586957E8-6CB7-42B5-A359-F3FACA795E0C}.Debug|x86.Build.0 = Debug|x86
		{586957E8-6CB7-42B5-A359-F3FACA795E0C}.Release|x86.ActiveCfg = Release|x86
		{586957E8-6CB7-42B5-A359-F3FACA795E0C}.Release|x86.Build.0 = Release|x86
		{AAD7C5C6-AA67-45C6-8B7C-22906FA79E9E}.Debug|x86.ActiveCfg = Debug|x86
		{AAD7C5C6-AA67-45C6-8B7C-22906FA79E9E}.Debug|x86.Build.0 = Debug|x86
		{AAD7C5C6-AA67-45C6-8B7C-22906FA79E9E}.Release|x86.ActiveCfg = Release|x86
		{AAD7C5C6-AA67-45C6-8B7C-22906FA79E9E}.Release|x86.Build.0 = Release|x86
	EndGlobalSection
	GlobalSection(SolutionProperties) = preSolution
		HideSolutionNode = FALSE
	EndGlobalSection
	GlobalSection(ExtensibilityGlobals) = postSolution
		SolutionGuid = {602B1BCD-2612-4FF2-B9BB-5424A519BE78}
	EndGlobalSection
EndGlobal
